Microsoft Visual Studio Solution File, Format Version 12.00
# Visual Studio Version 17
VisualStudioVersion = 17.5.2.0
MinimumVisualStudioVersion = 10.0.40219.1
Project("{FAE04EC0-301F-11D3-BF4B-00C04F79EFBC}") = "sandbox_project", "sandbox_project\sandbox_project.csproj", "{D087C6CE-1226-E5CD-6513-8DD9AF5A325F}"
EndProject
Global
	GlobalSection(SolutionConfigurationPlatforms) = preSolution
		Debug|Any CPU = Debug|Any CPU
		Release|Any CPU = Release|Any CPU
	EndGlobalSection
	GlobalSection(ProjectConfigurationPlatforms) = postSolution
		{D087C6CE-1226-E5CD-6513-8DD9AF5A325F}.Debug|Any CPU.ActiveCfg = Debug|Any CPU
		{D087C6CE-1226-E5CD-6513-8DD9AF5A325F}.Debug|Any CPU.Build.0 = Debug|Any CPU
		{D087C6CE-1226-E5CD-6513-8DD9AF5A325F}.Release|Any CPU.ActiveCfg = Release|Any CPU
		{D087C6CE-1226-E5CD-6513-8DD9AF5A325F}.Release|Any CPU.Build.0 = Release|Any CPU
	EndGlobalSection
	GlobalSection(SolutionProperties) = preSolution
		HideSolutionNode = FALSE
	EndGlobalSection
	GlobalSection(ExtensibilityGlobals) = postSolution
		SolutionGuid = {C3A84CD4-B4B0-4BC3-AE8E-A4F85F7F67DE}
	EndGlobalSection
EndGlobal
